// !$*UTF8*$!
{
	archiveVersion = 1;
	classes = {
	};
	objectVersion = 46;
	objects = {

/* Begin PBXBuildFile section */
		348038E41BC9F6A600D16909 /* main.m in Sources */ = {isa = PBXBuildFile; fileRef = 348038E31BC9F6A600D16909 /* main.m */; };
		348038E71BC9F6A600D16909 /* AppDelegate.m in Sources */ = {isa = PBXBuildFile; fileRef = 348038E61BC9F6A600D16909 /* AppDelegate.m */; };
		348038F21BC9F6A600D16909 /* Assets.xcassets in Resources */ = {isa = PBXBuildFile; fileRef = 348038F11BC9F6A600D16909 /* Assets.xcassets */; };
		348038F51BC9F6A600D16909 /* LaunchScreen.storyboard in Resources */ = {isa = PBXBuildFile; fileRef = 348038F31BC9F6A600D16909 /* LaunchScreen.storyboard */; };
		348038FE1BC9F93F00D16909 /* CourseTableTableViewController.m in Sources */ = {isa = PBXBuildFile; fileRef = 348038FD1BC9F93F00D16909 /* CourseTableTableViewController.m */; settings = {ASSET_TAGS = (); }; };
		348039011BCA6FB100D16909 /* ShowRssContentViewController.m in Sources */ = {isa = PBXBuildFile; fileRef = 348039001BCA6FB100D16909 /* ShowRssContentViewController.m */; settings = {ASSET_TAGS = (); }; };
		348039091BCB61F600D16909 /* baby.jpg in Resources */ = {isa = PBXBuildFile; fileRef = 348039081BCB61F600D16909 /* baby.jpg */; settings = {ASSET_TAGS = (); }; };
		348039421BCBE08500D16909 /* ACViewController.m in Sources */ = {isa = PBXBuildFile; fileRef = 348039411BCBE08500D16909 /* ACViewController.m */; settings = {ASSET_TAGS = (); }; };
		348039701BCC684600D16909 /* alphacamp-logo.png in Resources */ = {isa = PBXBuildFile; fileRef = 3480396F1BCC684600D16909 /* alphacamp-logo.png */; settings = {ASSET_TAGS = (); }; };
		348039721BCC833A00D16909 /* Main.storyboard in Resources */ = {isa = PBXBuildFile; fileRef = 348039711BCC833A00D16909 /* Main.storyboard */; settings = {ASSET_TAGS = (); }; };
/* End PBXBuildFile section */

/* Begin PBXFileReference section */
		348038DF1BC9F6A600D16909 /* ACOBJCVersion.app */ = {isa = PBXFileReference; explicitFileType = wrapper.application; includeInIndex = 0; path = ACOBJCVersion.app; sourceTree = BUILT_PRODUCTS_DIR; };
		348038E31BC9F6A600D16909 /* main.m */ = {isa = PBXFileReference; lastKnownFileType = sourcecode.c.objc; path = main.m; sourceTree = "<group>"; };
		348038E51BC9F6A600D16909 /* AppDelegate.h */ = {isa = PBXFileReference; lastKnownFileType = sourcecode.c.h; path = AppDelegate.h; sourceTree = "<group>"; };
		348038E61BC9F6A600D16909 /* AppDelegate.m */ = {isa = PBXFileReference; lastKnownFileType = sourcecode.c.objc; path = AppDelegate.m; sourceTree = "<group>"; };
		348038F11BC9F6A600D16909 /* Assets.xcassets */ = {isa = PBXFileReference; lastKnownFileType = folder.assetcatalog; path = Assets.xcassets; sourceTree = "<group>"; };
		348038F41BC9F6A600D16909 /* Base */ = {isa = PBXFileReference; lastKnownFileType = file.storyboard; name = Base; path = Base.lproj/LaunchScreen.storyboard; sourceTree = "<group>"; };
		348038F61BC9F6A600D16909 /* Info.plist */ = {isa = PBXFileReference; lastKnownFileType = text.plist.xml; path = Info.plist; sourceTree = "<group>"; };
		348038FC1BC9F93F00D16909 /* CourseTableTableViewController.h */ = {isa = PBXFileReference; fileEncoding = 4; lastKnownFileType = sourcecode.c.h; name = CourseTableTableViewController.h; path = ACOBJCVersion/CourseTableTableViewController.h; sourceTree = "<group>"; };
		348038FD1BC9F93F00D16909 /* CourseTableTableViewController.m */ = {isa = PBXFileReference; fileEncoding = 4; lastKnownFileType = sourcecode.c.objc; name = CourseTableTableViewController.m; path = ACOBJCVersion/CourseTableTableViewController.m; sourceTree = "<group>"; };
		348038FF1BCA6FB100D16909 /* ShowRssContentViewController.h */ = {isa = PBXFileReference; fileEncoding = 4; lastKnownFileType = sourcecode.c.h; path = ShowRssContentViewController.h; sourceTree = "<group>"; };
		348039001BCA6FB100D16909 /* ShowRssContentViewController.m */ = {isa = PBXFileReference; fileEncoding = 4; lastKnownFileType = sourcecode.c.objc; path = ShowRssContentViewController.m; sourceTree = "<group>"; };
		348039081BCB61F600D16909 /* baby.jpg */ = {isa = PBXFileReference; lastKnownFileType = image.jpeg; path = baby.jpg; sourceTree = "<group>"; };
		348039401BCBE08500D16909 /* ACViewController.h */ = {isa = PBXFileReference; fileEncoding = 4; lastKnownFileType = sourcecode.c.h; name = ACViewController.h; path = ACOBJCVersion/ACViewController.h; sourceTree = "<group>"; };
		348039411BCBE08500D16909 /* ACViewController.m */ = {isa = PBXFileReference; fileEncoding = 4; lastKnownFileType = sourcecode.c.objc; name = ACViewController.m; path = ACOBJCVersion/ACViewController.m; sourceTree = "<group>"; };
		3480396F1BCC684600D16909 /* alphacamp-logo.png */ = {isa = PBXFileReference; lastKnownFileType = image.png; path = "alphacamp-logo.png"; sourceTree = "<group>"; };
		348039711BCC833A00D16909 /* Main.storyboard */ = {isa = PBXFileReference; fileEncoding = 4; lastKnownFileType = file.storyboard; path = Main.storyboard; sourceTree = "<group>"; };
/* End PBXFileReference section */

/* Begin PBXFrameworksBuildPhase section */
		348038DC1BC9F6A600D16909 /* Frameworks */ = {
			isa = PBXFrameworksBuildPhase;
			buildActionMask = 2147483647;
			files = (
			);
			runOnlyForDeploymentPostprocessing = 0;
		};
/* End PBXFrameworksBuildPhase section */

/* Begin PBXGroup section */
		348038D61BC9F6A600D16909 = {
			isa = PBXGroup;
			children = (
				3480396E1BCC60FA00D16909 /* ACMember */,
				348039451BCBE49800D16909 /* EventParseHTMLTableViewController */,
				348039441BCBE43700D16909 /* ClassRSSTableViewController */,
				348038E11BC9F6A600D16909 /* ACOBJCVersion */,
				348038E01BC9F6A600D16909 /* Products */,
			);
			sourceTree = "<group>";
		};
		348038E01BC9F6A600D16909 /* Products */ = {
			isa = PBXGroup;
			children = (
				348038DF1BC9F6A600D16909 /* ACOBJCVersion.app */,
			);
			name = Products;
			sourceTree = "<group>";
		};
		348038E11BC9F6A600D16909 /* ACOBJCVersion */ = {
			isa = PBXGroup;
			children = (
				348038E51BC9F6A600D16909 /* AppDelegate.h */,
				348038E61BC9F6A600D16909 /* AppDelegate.m */,
				348038F11BC9F6A600D16909 /* Assets.xcassets */,
				348039711BCC833A00D16909 /* Main.storyboard */,
				348038F31BC9F6A600D16909 /* LaunchScreen.storyboard */,
				348039081BCB61F600D16909 /* baby.jpg */,
				3480396F1BCC684600D16909 /* alphacamp-logo.png */,
				348038F61BC9F6A600D16909 /* Info.plist */,
				348038E21BC9F6A600D16909 /* Supporting Files */,
			);
			path = ACOBJCVersion;
			sourceTree = "<group>";
		};
		348038E21BC9F6A600D16909 /* Supporting Files */ = {
			isa = PBXGroup;
			children = (
				348038E31BC9F6A600D16909 /* main.m */,
			);
			name = "Supporting Files";
			sourceTree = "<group>";
		};
		348039441BCBE43700D16909 /* ClassRSSTableViewController */ = {
			isa = PBXGroup;
			children = (
				348038FF1BCA6FB100D16909 /* ShowRssContentViewController.h */,
				348039001BCA6FB100D16909 /* ShowRssContentViewController.m */,
				348038FC1BC9F93F00D16909 /* CourseTableTableViewController.h */,
				348038FD1BC9F93F00D16909 /* CourseTableTableViewController.m */,
			);
			name = ClassRSSTableViewController;
			sourceTree = "<group>";
		};
		348039451BCBE49800D16909 /* EventParseHTMLTableViewController */ = {
			isa = PBXGroup;
			children = (
			);
			name = EventParseHTMLTableViewController;
			sourceTree = "<group>";
		};
		3480396E1BCC60FA00D16909 /* ACMember */ = {
			isa = PBXGroup;
			children = (
				348039401BCBE08500D16909 /* ACViewController.h */,
				348039411BCBE08500D16909 /* ACViewController.m */,
			);
			name = ACMember;
			sourceTree = "<group>";
		};
/* End PBXGroup section */

/* Begin PBXNativeTarget section */
		348038DE1BC9F6A600D16909 /* ACOBJCVersion */ = {
			isa = PBXNativeTarget;
			buildConfigurationList = 348038F91BC9F6A600D16909 /* Build configuration list for PBXNativeTarget "ACOBJCVersion" */;
			buildPhases = (
				348038DB1BC9F6A600D16909 /* Sources */,
				348038DC1BC9F6A600D16909 /* Frameworks */,
				348038DD1BC9F6A600D16909 /* Resources */,
			);
			buildRules = (
			);
			dependencies = (
			);
			name = ACOBJCVersion;
			productName = ACOBJCVersion;
			productReference = 348038DF1BC9F6A600D16909 /* ACOBJCVersion.app */;
			productType = "com.apple.product-type.application";
		};
/* End PBXNativeTarget section */

/* Begin PBXProject section */
		348038D71BC9F6A600D16909 /* Project object */ = {
			isa = PBXProject;
			attributes = {
				LastUpgradeCheck = 0700;
				ORGANIZATIONNAME = LINCHUNGYAO;
				TargetAttributes = {
					348038DE1BC9F6A600D16909 = {
						CreatedOnToolsVersion = 7.0;
						DevelopmentTeam = L7KTMKKXNA;
					};
				};
			};
			buildConfigurationList = 348038DA1BC9F6A600D16909 /* Build configuration list for PBXProject "ACOBJCVersion" */;
			compatibilityVersion = "Xcode 3.2";
			developmentRegion = English;
			hasScannedForEncodings = 0;
			knownRegions = (
				en,
				Base,
			);
			mainGroup = 348038D61BC9F6A600D16909;
			productRefGroup = 348038E01BC9F6A600D16909 /* Products */;
			projectDirPath = "";
			projectRoot = "";
			targets = (
				348038DE1BC9F6A600D16909 /* ACOBJCVersion */,
			);
		};
/* End PBXProject section */

/* Begin PBXResourcesBuildPhase section */
		348038DD1BC9F6A600D16909 /* Resources */ = {
			isa = PBXResourcesBuildPhase;
			buildActionMask = 2147483647;
			files = (
				348038F51BC9F6A600D16909 /* LaunchScreen.storyboard in Resources */,
				348039091BCB61F600D16909 /* baby.jpg in Resources */,
				348039721BCC833A00D16909 /* Main.storyboard in Resources */,
				348038F21BC9F6A600D16909 /* Assets.xcassets in Resources */,
				348039701BCC684600D16909 /* alphacamp-logo.png in Resources */,
			);
			runOnlyForDeploymentPostprocessing = 0;
		};
/* End PBXResourcesBuildPhase section */

/* Begin PBXSourcesBuildPhase section */
		348038DB1BC9F6A600D16909 /* Sources */ = {
			isa = PBXSourcesBuildPhase;
			buildActionMask = 2147483647;
			files = (
				348039011BCA6FB100D16909 /* ShowRssContentViewController.m in Sources */,
				348038E71BC9F6A600D16909 /* AppDelegate.m in Sources */,
				348038FE1BC9F93F00D16909 /* CourseTableTableViewController.m in Sources */,
				348038E41BC9F6A600D16909 /* main.m in Sources */,
				348039421BCBE08500D16909 /* ACViewController.m in Sources */,
			);
			runOnlyForDeploymentPostprocessing = 0;
		};
/* End PBXSourcesBuildPhase section */

/* Begin PBXVariantGroup section */
		348038F31BC9F6A600D16909 /* LaunchScreen.storyboard */ = {
			isa = PBXVariantGroup;
			children = (
				348038F41BC9F6A600D16909 /* Base */,
			);
			name = LaunchScreen.storyboard;
			sourceTree = "<group>";
		};
/* End PBXVariantGroup section */

/* Begin XCBuildConfiguration section */
		348038F71BC9F6A600D16909 /* Debug */ = {
			isa = XCBuildConfiguration;
			buildSettings = {
				ALWAYS_SEARCH_USER_PATHS = NO;
				CLANG_CXX_LANGUAGE_STANDARD = "gnu++0x";
				CLANG_CXX_LIBRARY = "libc++";
				CLANG_ENABLE_MODULES = YES;
				CLANG_ENABLE_OBJC_ARC = YES;
				CLANG_WARN_BOOL_CONVERSION = YES;
				CLANG_WARN_CONSTANT_CONVERSION = YES;
				CLANG_WARN_DIRECT_OBJC_ISA_USAGE = YES_ERROR;
				CLANG_WARN_EMPTY_BODY = YES;
				CLANG_WARN_ENUM_CONVERSION = YES;
				CLANG_WARN_INT_CONVERSION = YES;
				CLANG_WARN_OBJC_ROOT_CLASS = YES_ERROR;
				CLANG_WARN_UNREACHABLE_CODE = YES;
				CLANG_WARN__DUPLICATE_METHOD_MATCH = YES;
				"CODE_SIGN_IDENTITY[sdk=iphoneos*]" = "iPhone Developer";
				COPY_PHASE_STRIP = NO;
				DEBUG_INFORMATION_FORMAT = dwarf;
				ENABLE_STRICT_OBJC_MSGSEND = YES;
				ENABLE_TESTABILITY = YES;
				GCC_C_LANGUAGE_STANDARD = gnu99;
				GCC_DYNAMIC_NO_PIC = NO;
				GCC_NO_COMMON_BLOCKS = YES;
				GCC_OPTIMIZATION_LEVEL = 0;
				GCC_PREPROCESSOR_DEFINITIONS = (
					"DEBUG=1",
					"$(inherited)",
				);
				GCC_WARN_64_TO_32_BIT_CONVERSION = YES;
				GCC_WARN_ABOUT_RETURN_TYPE = YES_ERROR;
				GCC_WARN_UNDECLARED_SELECTOR = YES;
				GCC_WARN_UNINITIALIZED_AUTOS = YES_AGGRESSIVE;
				GCC_WARN_UNUSED_FUNCTION = YES;
				GCC_WARN_UNUSED_VARIABLE = YES;
				IPHONEOS_DEPLOYMENT_TARGET = 9.0;
				MTL_ENABLE_DEBUG_INFO = YES;
				ONLY_ACTIVE_ARCH = YES;
				SDKROOT = iphoneos;
			};
			name = Debug;
		};
		348038F81BC9F6A600D16909 /* Release */ = {
			isa = XCBuildConfiguration;
			buildSettings = {
				ALWAYS_SEARCH_USER_PATHS = NO;
				CLANG_CXX_LANGUAGE_STANDARD = "gnu++0x";
				CLANG_CXX_LIBRARY = "libc++";
				CLANG_ENABLE_MODULES = YES;
				CLANG_ENABLE_OBJC_ARC = YES;
				CLANG_WARN_BOOL_CONVERSION = YES;
				CLANG_WARN_CONSTANT_CONVERSION = YES;
				CLANG_WARN_DIRECT_OBJC_ISA_USAGE = YES_ERROR;
				CLANG_WARN_EMPTY_BODY = YES;
				CLANG_WARN_ENUM_CONVERSION = YES;
				CLANG_WARN_INT_CONVERSION = YES;
				CLANG_WARN_OBJC_ROOT_CLASS = YES_ERROR;
				CLANG_WARN_UNREACHABLE_CODE = YES;
				CLANG_WARN__DUPLICATE_METHOD_MATCH = YES;
				"CODE_SIGN_IDENTITY[sdk=iphoneos*]" = "iPhone Developer";
				COPY_PHASE_STRIP = NO;
				DEBUG_INFORMATION_FORMAT = "dwarf-with-dsym";
				ENABLE_NS_ASSERTIONS = NO;
				ENABLE_STRICT_OBJC_MSGSEND = YES;
				GCC_C_LANGUAGE_STANDARD = gnu99;
				GCC_NO_COMMON_BLOCKS = YES;
				GCC_WARN_64_TO_32_BIT_CONVERSION = YES;
				GCC_WARN_ABOUT_RETURN_TYPE = YES_ERROR;
				GCC_WARN_UNDECLARED_SELECTOR = YES;
				GCC_WARN_UNINITIALIZED_AUTOS = YES_AGGRESSIVE;
				GCC_WARN_UNUSED_FUNCTION = YES;
				GCC_WARN_UNUSED_VARIABLE = YES;
				IPHONEOS_DEPLOYMENT_TARGET = 9.0;
				MTL_ENABLE_DEBUG_INFO = NO;
				SDKROOT = iphoneos;
				VALIDATE_PRODUCT = YES;
			};
			name = Release;
		};
		348038FA1BC9F6A600D16909 /* Debug */ = {
			isa = XCBuildConfiguration;
			buildSettings = {
				ASSETCATALOG_COMPILER_APPICON_NAME = AppIcon;
				INFOPLIST_FILE = ACOBJCVersion/Info.plist;
				LD_RUNPATH_SEARCH_PATHS = "$(inherited) @executable_path/Frameworks";
				PRODUCT_BUNDLE_IDENTIFIER = com.home.ACOBJCVersion;
				PRODUCT_NAME = "$(TARGET_NAME)";
			};
			name = Debug;
		};
		348038FB1BC9F6A600D16909 /* Release */ = {
			isa = XCBuildConfiguration;
			buildSettings = {
				ASSETCATALOG_COMPILER_APPICON_NAME = AppIcon;
				INFOPLIST_FILE = ACOBJCVersion/Info.plist;
				LD_RUNPATH_SEARCH_PATHS = "$(inherited) @executable_path/Frameworks";
				PRODUCT_BUNDLE_IDENTIFIER = com.home.ACOBJCVersion;
				PRODUCT_NAME = "$(TARGET_NAME)";
			};
			name = Release;
		};
/* End XCBuildConfiguration section */

/* Begin XCConfigurationList section */
		348038DA1BC9F6A600D16909 /* Build configuration list for PBXProject "ACOBJCVersion" */ = {
			isa = XCConfigurationList;
			buildConfigurations = (
				348038F71BC9F6A600D16909 /* Debug */,
				348038F81BC9F6A600D16909 /* Release */,
			);
			defaultConfigurationIsVisible = 0;
			defaultConfigurationName = Release;
		};
		348038F91BC9F6A600D16909 /* Build configuration list for PBXNativeTarget "ACOBJCVersion" */ = {
			isa = XCConfigurationList;
			buildConfigurations = (
				348038FA1BC9F6A600D16909 /* Debug */,
				348038FB1BC9F6A600D16909 /* Release */,
			);
			defaultConfigurationIsVisible = 0;
			defaultConfigurationName = Release;
		};
/* End XCConfigurationList section */
	};
	rootObject = 348038D71BC9F6A600D16909 /* Project object */;
}
